{
  "name": "moringa",
  "version": "1.0.0",
  "lockfileVersion": 1,
  "requires": true,
  "dependencies": {
    "datejs": {
      "version": "1.0.0-rc3",
      "resolved": "https://registry.npmjs.org/datejs/-/datejs-1.0.0-rc3.tgz",
      "integrity": "sha1-v/oe/t7+tB/diiQq9Vr6AftY3lc="
    },
    "fs": {
      "version": "0.0.1-security",
      "resolved": "https://registry.npmjs.org/fs/-/fs-0.0.1-security.tgz",
      "integrity": "sha1-invTcYa23d84E/I4WLV+yq9eQdQ="
    },
    "retokenizer": {
      "version": "1.4.1",
      "resolved": "https://registry.npmjs.org/retokenizer/-/retokenizer-1.4.1.tgz",
      "integrity": "sha512-mqw8vTeWEGxLtt064aZBxtpcgo7tvRZZ/xwor0ToUm+xq6XjMXKyTf/Zneli0i7qC4WvSZh6thASYb6xNCWUHg=="
    }
  }
}
