{
  "name": "moringa",
  "version": "1.0.0",
  "lockfileVersion": 1,
  "requires": true,
  "dependencies": {
    "retokenizer": {
      "version": "1.1.0",
      "resolved": "https://registry.npmjs.org/retokenizer/-/retokenizer-1.1.0.tgz",
      "integrity": "sha512-tf7RZB+dxVfiDmdALKC9uaV5x4cjt7C8v6xV5bE4fJEPEWjpPIfJze2CBfK3tyqFHe1lK3xI36jG1hKnKM21gA=="
    }
  }
}
